{
  "name": "gpe-user",
  "version": "1.0.0",
  "lockfileVersion": 2,
  "requires": true,
  "packages": {
    "": {
      "name": "gpe-user",
      "version": "1.0.0",
      "license": "ISC",
      "dependencies": {
        "@code-tmpls/gpe": "^1.0.2",
        "@code-tmpls/gpe-multi-package1": "^1.0.5",
        "@code-tmpls/gpe-multi-package2": "^1.0.5"
      }
    },
    "node_modules/@code-tmpls/gpe": {
      "version": "1.0.2",
      "resolved": "https://npm.pkg.github.com/download/@code-tmpls/gpe/1.0.2/f10efad0b945a070ed28bf1d92d2ff0226f52885",
      "integrity": "sha512-jQhzkE3676s81juKUmvAaf4aGGstoIOdLRDk3n+3ZZzwcZyATfdqZkrKmJTIKbEPtd4BigmYauGeTfKf6j7vxQ==",
      "license": "ISC"
    },
    "node_modules/@code-tmpls/gpe-multi-package1": {
      "version": "1.0.5",
      "resolved": "https://npm.pkg.github.com/download/@code-tmpls/gpe-multi-package1/1.0.5/783c4d41975a25d9138f5eae398535abe36a8cdb",
      "integrity": "sha512-tEhSP39LE042bifnBXof2M5qV8pQIvaF2XP32Z9LwaHz7xLgLN74IO/aAbzGTwptKrFloHOjAEpMaWBZVwUlfQ==",
      "license": "ISC"
    },
    "node_modules/@code-tmpls/gpe-multi-package2": {
      "version": "1.0.5",
      "resolved": "https://npm.pkg.github.com/download/@code-tmpls/gpe-multi-package2/1.0.5/0e3ed0ad21ad48b8293bc574e668dc66a04d1c2b",
      "integrity": "sha512-A9Njd6Di+aRGMtuUjyqtCSqMpNBXN1wGb/C2YkD8u6Wva6ms0FWjY4nvOcWl0B+CF72mc2YEuiFacVuxHxqllQ==",
      "license": "ISC"
    }
  },
  "dependencies": {
    "@code-tmpls/gpe": {
      "version": "1.0.2",
      "resolved": "https://npm.pkg.github.com/download/@code-tmpls/gpe/1.0.2/f10efad0b945a070ed28bf1d92d2ff0226f52885",
      "integrity": "sha512-jQhzkE3676s81juKUmvAaf4aGGstoIOdLRDk3n+3ZZzwcZyATfdqZkrKmJTIKbEPtd4BigmYauGeTfKf6j7vxQ=="
    },
    "@code-tmpls/gpe-multi-package1": {
      "version": "1.0.5",
      "resolved": "https://npm.pkg.github.com/download/@code-tmpls/gpe-multi-package1/1.0.5/783c4d41975a25d9138f5eae398535abe36a8cdb",
      "integrity": "sha512-tEhSP39LE042bifnBXof2M5qV8pQIvaF2XP32Z9LwaHz7xLgLN74IO/aAbzGTwptKrFloHOjAEpMaWBZVwUlfQ=="
    },
    "@code-tmpls/gpe-multi-package2": {
      "version": "1.0.5",
      "resolved": "https://npm.pkg.github.com/download/@code-tmpls/gpe-multi-package2/1.0.5/0e3ed0ad21ad48b8293bc574e668dc66a04d1c2b",
      "integrity": "sha512-A9Njd6Di+aRGMtuUjyqtCSqMpNBXN1wGb/C2YkD8u6Wva6ms0FWjY4nvOcWl0B+CF72mc2YEuiFacVuxHxqllQ=="
    }
  }
}
